{
  "version": 1,
  "dependencies": {
    ".NETStandard,Version=v2.0": {
      "NETStandard.Library": {
        "type": "Direct",
        "requested": "[2.0.3, )",
        "resolved": "2.0.3",
        "contentHash": "st47PosZSHrjECdjeIzZQbzivYBJFv6P2nv4cj2ypdI204DO+vZ7l5raGMiX4eXMJ53RfOIg+/s4DHVZ54Nu2A==",
        "dependencies": {
          "Microsoft.NETCore.Platforms": "1.1.0"
        }
      },
      "System.Memory": {
        "type": "Direct",
        "requested": "[4.6.0, )",
        "resolved": "4.6.0",
        "contentHash": "OEkbBQoklHngJ8UD8ez2AERSk2g+/qpAaSWWCBFbpH727HxDq5ydVkuncBaKcKfwRqXGWx64dS6G1SUScMsitg==",
        "dependencies": {
          "System.Buffers": "4.6.0",
          "System.Numerics.Vectors": "4.6.0",
          "System.Runtime.CompilerServices.Unsafe": "6.1.0"
        }
      },
      "Microsoft.NETCore.Platforms": {
        "type": "Transitive",
        "resolved": "1.1.0",
        "contentHash": "kz0PEW2lhqygehI/d6XsPCQzD7ff7gUJaVGPVETX611eadGsA3A877GdSlU0LRVMCTH/+P3o2iDTak+S08V2+A=="
      },
      "System.Buffers": {
        "type": "Transitive",
        "resolved": "4.6.0",
        "contentHash": "lN6tZi7Q46zFzAbRYXTIvfXcyvQQgxnY7Xm6C6xQ9784dEL1amjM6S6Iw4ZpsvesAKnRVsM4scrDQaDqSClkjA=="
      },
      "System.Numerics.Vectors": {
        "type": "Transitive",
        "resolved": "4.6.0",
        "contentHash": "t+SoieZsRuEyiw/J+qXUbolyO219tKQQI0+2/YI+Qv7YdGValA6WiuokrNKqjrTNsy5ABWU11bdKOzUdheteXg=="
      },
      "System.Runtime.CompilerServices.Unsafe": {
        "type": "Transitive",
        "resolved": "6.1.0",
        "contentHash": "5o/HZxx6RVqYlhKSq8/zronDkALJZUT2Vz0hx43f0gwe8mwlM0y2nYlqdBwLMzr262Bwvpikeb/yEwkAa5PADg=="
      }
    },
    ".NETStandard,Version=v2.1": {},
    "UAP,Version=v10.0.18362": {
      "Microsoft.NETCore.UniversalWindowsPlatform": {
        "type": "Direct",
        "requested": "[6.2.12, )",
        "resolved": "6.2.12",
        "contentHash": "df3mwtb9FHbMNE9ddOqNQVdK5S2CQc/i+jWsYfiJxBkq0V+uVmRw/VicTeHRf+cQgEcSynnkOg7xgqQJSifb7w==",
        "dependencies": {
          "Microsoft.NETCore.Platforms": "2.1.0",
          "Microsoft.Net.Native.Compiler": "2.2.10-rel-29722-00",
          "Microsoft.Net.UWPCoreRuntimeSdk": "2.2.12",
          "NETStandard.Library": "2.0.3"
        }
      },
      "SharpDX.Direct3D11": {
        "type": "Direct",
        "requested": "[4.2.0, )",
        "resolved": "4.2.0",
        "contentHash": "oTm/iT5X/IIuJ8kNYP+DTC/MhBhqtRF5dbgPPFgLBdQv0BKzNTzXQQXd7SveBFjQg6hXEAJ2jGCAzNYvGFc9LA==",
        "dependencies": {
          "Microsoft.NETCore.UniversalWindowsPlatform": "6.0.8",
          "SharpDX": "4.2.0",
          "SharpDX.DXGI": "4.2.0"
        }
      },
      "System.Memory": {
        "type": "Direct",
        "requested": "[4.5.4, )",
        "resolved": "4.5.4",
        "contentHash": "1MbJTHS1lZ4bS4FmsJjnuGJOu88ZzTT2rLvrhW7Ygic+pC0NWA+3hgAen0HRdsocuQXCkUTdFn9yHJJhsijDXw==",
        "dependencies": {
          "System.Runtime.CompilerServices.Unsafe": "4.5.3"
        }
      },
      "System.ValueTuple": {
        "type": "Direct",
        "requested": "[4.5.0, )",
        "resolved": "4.5.0",
        "contentHash": "okurQJO6NRE/apDIP23ajJ0hpiNmJ+f0BwOlB/cSqTLQlw5upkf+5+96+iG2Jw40G1fCVCyPz/FhIABUjMR+RQ=="
      },
      "Microsoft.Net.Native.Compiler": {
        "type": "Transitive",
        "resolved": "2.2.10-rel-29722-00",
        "contentHash": "zhPr5WeW8JQnt83lC0EM2kpp6zsKQQV9zQO48mh+f6aaK/eT8Zj/K7kmJ60KgP+WgWTfVGmrSp2TARd70jd62g==",
        "dependencies": {
          "runtime.win10-arm.Microsoft.Net.Native.Compiler": "2.2.10-rel-29722-00",
          "runtime.win10-arm64.Microsoft.Net.Native.Compiler": "2.2.10-rel-29722-00",
          "runtime.win10-x64.Microsoft.Net.Native.Compiler": "2.2.10-rel-29722-00",
          "runtime.win10-x86.Microsoft.Net.Native.Compiler": "2.2.10-rel-29722-00"
        }
      },
      "Microsoft.Net.UWPCoreRuntimeSdk": {
        "type": "Transitive",
        "resolved": "2.2.12",
        "contentHash": "IRpFXnKUrate/hZmDPhZv3ECd+q2Q/iD+NQ9oEd0JVQfvypxclAjeZr1mMggxF9eN6KWl9zBXIydxqD2yrt6vw==",
        "dependencies": {
          "runtime.win10-arm.Microsoft.Net.UWPCoreRuntimeSdk": "2.2.12",
          "runtime.win10-x64.Microsoft.Net.UWPCoreRuntimeSdk": "2.2.12",
          "runtime.win10-x86.Microsoft.Net.UWPCoreRuntimeSdk": "2.2.12"
        }
      },
      "Microsoft.NETCore.Platforms": {
        "type": "Transitive",
        "resolved": "2.1.0",
        "contentHash": "ok+RPAtESz/9MUXeIEz6Lv5XAGQsaNmEYXMsgVALj4D7kqC8gveKWXWXbufLySR2fWrwZf8smyN5RmHu0e4BHA=="
      },
      "NETStandard.Library": {
        "type": "Transitive",
        "resolved": "2.0.3",
        "contentHash": "st47PosZSHrjECdjeIzZQbzivYBJFv6P2nv4cj2ypdI204DO+vZ7l5raGMiX4eXMJ53RfOIg+/s4DHVZ54Nu2A==",
        "dependencies": {
          "Microsoft.NETCore.Platforms": "1.1.0"
        }
      },
      "runtime.win10-arm.Microsoft.Net.Native.Compiler": {
        "type": "Transitive",
        "resolved": "2.2.10-rel-29722-00",
        "contentHash": "MRdlU6RC5zHeX+fqqotY8tvr6uCDJztpvj8eJ+b0S8nmmGJmYs2qO/j4vzodmlHF374rUt78b8tT6vb9ehxmcQ==",
        "dependencies": {
          "runtime.win10-arm.Microsoft.Net.Native.SharedLibrary": "2.2.8-rel-29722-00"
        }
      },
      "runtime.win10-arm.Microsoft.Net.Native.SharedLibrary": {
        "type": "Transitive",
        "resolved": "2.2.8-rel-29722-00",
        "contentHash": "v55o4C2ps+Cp32oWn5ugVq0Ztc72ykpFCsCc/oO6Y5UwDkZ9txmgPjas9LUVJzFduhw1Cj0XehTaLyVHoETC+w=="
      },
      "runtime.win10-arm.Microsoft.Net.UWPCoreRuntimeSdk": {
        "type": "Transitive",
        "resolved": "2.2.12",
        "contentHash": "YX12L3el/LKr/+51sCsWivbdk1r5Zl1Fta8pQOyxAawbfTDdPATeGv4deBkB6DpEK1yu/ADa6X0ujopz6lzWmw=="
      },
      "runtime.win10-arm64.Microsoft.Net.Native.Compiler": {
        "type": "Transitive",
        "resolved": "2.2.10-rel-29722-00",
        "contentHash": "ZF/ualE2u58JjIGT0MUA4glqFzx8fQCRksm+LnCzQSUzlr6VlH//zBqRJMB77K8WLxSPDB4lIV5K0tvTtBnqoA==",
        "dependencies": {
          "runtime.win10-arm64.Microsoft.Net.Native.SharedLibrary": "2.2.8-rel-29722-00"
        }
      },
      "runtime.win10-arm64.Microsoft.Net.Native.SharedLibrary": {
        "type": "Transitive",
        "resolved": "2.2.8-rel-29722-00",
        "contentHash": "IfrQPttlUx2fQTRsYNeF8ZpQAYmQOfcwSwTPvEXhMDVSRo2tjvi10jOiF4RxNX6Y+2plp/kkgJ/GgME8t1Jtvw=="
      },
      "runtime.win10-x64.Microsoft.Net.Native.Compiler": {
        "type": "Transitive",
        "resolved": "2.2.10-rel-29722-00",
        "contentHash": "arU9AO6QIrVSRBV83+6jgbNXWe/oTGGeVtHZzb86TPezeEVOWDp+40m4YrBp/L90G0yDrUlt1ekZuwYFUawc8Q==",
        "dependencies": {
          "runtime.win10-x64.Microsoft.Net.Native.SharedLibrary": "2.2.8-rel-29722-00"
        }
      },
      "runtime.win10-x64.Microsoft.Net.Native.SharedLibrary": {
        "type": "Transitive",
        "resolved": "2.2.8-rel-29722-00",
        "contentHash": "tyHCWyzJccI/NsSYmQTq6HUPi4MVhbYMLD3JV58nGBrLzyJhva9JrZxQdwEmaMuI7j6l1fdcgsPlf/jRknZerw=="
      },
      "runtime.win10-x64.Microsoft.Net.UWPCoreRuntimeSdk": {
        "type": "Transitive",
        "resolved": "2.2.12",
        "contentHash": "hlbwt6KW5A+pCgDiBYt5BrTfSDZgsVuKeq4uMARX5j95otN2mrbyRT9WtV82tiW6sh4YCXvjiFVb9O57x0HrDg=="
      },
      "runtime.win10-x86.Microsoft.Net.Native.Compiler": {
        "type": "Transitive",
        "resolved": "2.2.10-rel-29722-00",
        "contentHash": "/FwdIs704RTEkxdXEJ/UDPk0MGo951TPhxAAiQVeGPn13crroZr+LHjRvbhfHnv6Sl1aHglhLB+5FxClsHOTCw==",
        "dependencies": {
          "runtime.win10-x86.Microsoft.Net.Native.SharedLibrary": "2.2.8-rel-29722-00"
        }
      },
      "runtime.win10-x86.Microsoft.Net.Native.SharedLibrary": {
        "type": "Transitive",
        "resolved": "2.2.8-rel-29722-00",
        "contentHash": "6GJiLd77ikW+coegj6QsHslJ3RtvsM0BlVw78EPNdvS9B2UKZHocShI2UvboV/vrg0A+2/v66KtY1xVEIRa+qQ=="
      },
      "runtime.win10-x86.Microsoft.Net.UWPCoreRuntimeSdk": {
        "type": "Transitive",
        "resolved": "2.2.12",
        "contentHash": "saSRotvYwwuShD6MGVrv5v3lKdlvimzxUHi8yTnXapgPCFwu5j+sIFhC+yy02ZK8zkBSUIFjEtFeXb/PpltqIg=="
      },
      "SharpDX": {
        "type": "Transitive",
        "resolved": "4.2.0",
        "contentHash": "3pv0LFMvfK/dv1qISJnn8xBeeT6R/FRvr0EV4KI2DGsL84Qlv6P7isWqxGyU0LCwlSVCJN3jgHJ4Bl0KI2PJww==",
        "dependencies": {
          "Microsoft.NETCore.UniversalWindowsPlatform": "6.0.8"
        }
      },
      "SharpDX.DXGI": {
        "type": "Transitive",
        "resolved": "4.2.0",
        "contentHash": "UjKqkgWc8U+SP+j3LBzFP6OB6Ntapjih7Xo+g1rLcsGbIb5KwewBrBChaUu7sil8rWoeVU/k0EJd3SMN4VqNZw==",
        "dependencies": {
          "Microsoft.NETCore.UniversalWindowsPlatform": "6.0.8",
          "SharpDX": "4.2.0"
        }
      },
      "System.Runtime.CompilerServices.Unsafe": {
        "type": "Transitive",
        "resolved": "4.5.3",
        "contentHash": "3TIsJhD1EiiT0w2CcDMN/iSSwnNnsrnbzeVHSKkaEgV85txMprmuO+Yq2AdSbeVGcg28pdNDTPK87tJhX7VFHw=="
      }
    },
    "net10.0": {
      "Microsoft.NET.ILLink.Tasks": {
        "type": "Direct",
        "requested": "[10.0.5, )",
        "resolved": "10.0.5",
        "contentHash": "A+5ZuQ0f449tM+MQrhf6R9ZX7lYpjk/ODEwLYKrnF6111rtARx8fVsm4YznUnQiKnnXfaXNBqgxmil6RW3L3SA=="
      }
    },
    "net6.0": {},
    "net8.0": {
      "Microsoft.NET.ILLink.Tasks": {
        "type": "Direct",
        "requested": "[8.0.25, )",
        "resolved": "8.0.25",
        "contentHash": "sqX4nmBft05ivqKvUT4nxaN8rT3apCLt9SWFkfRrQPwra1zPwFknQAw1lleuMCKOCLvVmOWwrC2iPSm9RiXZUg=="
      }
    },
    "net9.0": {
      "Microsoft.NET.ILLink.Tasks": {
        "type": "Direct",
        "requested": "[9.0.14, )",
        "resolved": "9.0.14",
        "contentHash": "+MeWjj5sGq6Oj/l0E9RPMgXDyCIPxczzCbGuvuVTZFEGiy2S/atsfoAoKUnkEin/GeGpN+HenCzRmiQKSc99eQ=="
      }
    }
  }
}